
Microsoft Visual Studio Solution File, Format Version 12.00
# Visual Studio Version 16
VisualStudioVersion = 16.0.29102.190
MinimumVisualStudioVersion = 10.0.40219.1
Project("{FAE04EC0-301F-11D3-BF4B-00C04F79EFBC}") = "cyanspy", "cyanspy\cyanspy.csproj", "{A24617F1-6BB3-4C0A-9BB9-D14957A16078}"
EndProject
Global
	GlobalSection(SolutionConfigurationPlatforms) = preSolution
		Debug|Any CPU = Debug|Any CPU
		Release|Any CPU = Release|Any CPU
	EndGlobalSection
	GlobalSection(ProjectConfigurationPlatforms) = postSolution
		{A24617F1-6BB3-4C0A-9BB9-D14957A16078}.Debug|Any CPU.ActiveCfg = Debug|Any CPU
		{A24617F1-6BB3-4C0A-9BB9-D14957A16078}.Debug|Any CPU.Build.0 = Debug|Any CPU
		{A24617F1-6BB3-4C0A-9BB9-D14957A16078}.Release|Any CPU.ActiveCfg = Release|Any CPU
		{A24617F1-6BB3-4C0A-9BB9-D14957A16078}.Release|Any CPU.Build.0 = Release|Any CPU
	EndGlobalSection
	GlobalSection(SolutionProperties) = preSolution
		HideSolutionNode = FALSE
	EndGlobalSection
	GlobalSection(ExtensibilityGlobals) = postSolution
		SolutionGuid = {48CB8D16-477D-476E-B7C5-22572544C2F1}
	EndGlobalSection
EndGlobal
